
Microsoft Visual Studio Solution File, Format Version 12.00
Project("{FAE04EC0-301F-11D3-BF4B-00C04F79EFBC}") = "CodeFrog.BlazorCache", "CodeFrog.BlazorCache\CodeFrog.BlazorCache.csproj", "{8DF79455-A65D-4283-A9E2-B7D53D6992CE}"
EndProject
Global
	GlobalSection(SolutionConfigurationPlatforms) = preSolution
		Debug|Any CPU = Debug|Any CPU
		Release|Any CPU = Release|Any CPU
	EndGlobalSection
	GlobalSection(ProjectConfigurationPlatforms) = postSolution
		{8DF79455-A65D-4283-A9E2-B7D53D6992CE}.Debug|Any CPU.ActiveCfg = Debug|Any CPU
		{8DF79455-A65D-4283-A9E2-B7D53D6992CE}.Debug|Any CPU.Build.0 = Debug|Any CPU
		{8DF79455-A65D-4283-A9E2-B7D53D6992CE}.Release|Any CPU.ActiveCfg = Release|Any CPU
		{8DF79455-A65D-4283-A9E2-B7D53D6992CE}.Release|Any CPU.Build.0 = Release|Any CPU
	EndGlobalSection
EndGlobal
